// !$*UTF8*$!
{
	archiveVersion = 1;
	classes = {
	};
	objectVersion = 56;
	objects = {

/* Begin PBXBuildFile section */
		7673547A2B31F99B0073BB9A /* AppDelegate.swift in Sources */ = {isa = PBXBuildFile; fileRef = 767354792B31F99B0073BB9A /* AppDelegate.swift */; };
		7673547C2B31F99B0073BB9A /* SceneDelegate.swift in Sources */ = {isa = PBXBuildFile; fileRef = 7673547B2B31F99B0073BB9A /* SceneDelegate.swift */; };
		7673547E2B31F99B0073BB9A /* HomeViewController.swift in Sources */ = {isa = PBXBuildFile; fileRef = 7673547D2B31F99B0073BB9A /* HomeViewController.swift */; };
		767354832B31F99C0073BB9A /* Assets.xcassets in Resources */ = {isa = PBXBuildFile; fileRef = 767354822B31F99C0073BB9A /* Assets.xcassets */; };
		767354862B31F99C0073BB9A /* LaunchScreen.storyboard in Resources */ = {isa = PBXBuildFile; fileRef = 767354842B31F99C0073BB9A /* LaunchScreen.storyboard */; };
		7673548E2B3203590073BB9A /* NewsModel.swift in Sources */ = {isa = PBXBuildFile; fileRef = 7673548D2B3203590073BB9A /* NewsModel.swift */; };
		767354902B321A500073BB9A /* HomeTableViewCell.swift in Sources */ = {isa = PBXBuildFile; fileRef = 7673548F2B321A500073BB9A /* HomeTableViewCell.swift */; };
		767354922B3269500073BB9A /* SectionHeaderView.swift in Sources */ = {isa = PBXBuildFile; fileRef = 767354912B3269500073BB9A /* SectionHeaderView.swift */; };
		767354992B334DC70073BB9A /* TopStoriesTableViewCell.swift in Sources */ = {isa = PBXBuildFile; fileRef = 767354982B334DC70073BB9A /* TopStoriesTableViewCell.swift */; };
		7673549C2B334FA70073BB9A /* UIColor+Extension.swift in Sources */ = {isa = PBXBuildFile; fileRef = 7673549B2B334FA70073BB9A /* UIColor+Extension.swift */; };
		7673549E2B334FCE0073BB9A /* UIView+Extension.swift in Sources */ = {isa = PBXBuildFile; fileRef = 7673549D2B334FCE0073BB9A /* UIView+Extension.swift */; };
		767354A22B336AA50073BB9A /* TopStoriesCollectionViewLayout.swift in Sources */ = {isa = PBXBuildFile; fileRef = 767354A12B336AA50073BB9A /* TopStoriesCollectionViewLayout.swift */; };
		767354A72B336C640073BB9A /* TopStoriesCollectionViewCell.swift in Sources */ = {isa = PBXBuildFile; fileRef = 767354A62B336C640073BB9A /* TopStoriesCollectionViewCell.swift */; };
/* End PBXBuildFile section */

/* Begin PBXFileReference section */
		767354762B31F99B0073BB9A /* NewsApplication.app */ = {isa = PBXFileReference; explicitFileType = wrapper.application; includeInIndex = 0; path = NewsApplication.app; sourceTree = BUILT_PRODUCTS_DIR; };
		767354792B31F99B0073BB9A /* AppDelegate.swift */ = {isa = PBXFileReference; lastKnownFileType = sourcecode.swift; path = AppDelegate.swift; sourceTree = "<group>"; };
		7673547B2B31F99B0073BB9A /* SceneDelegate.swift */ = {isa = PBXFileReference; lastKnownFileType = sourcecode.swift; path = SceneDelegate.swift; sourceTree = "<group>"; };
		7673547D2B31F99B0073BB9A /* HomeViewController.swift */ = {isa = PBXFileReference; lastKnownFileType = sourcecode.swift; path = HomeViewController.swift; sourceTree = "<group>"; };
		767354822B31F99C0073BB9A /* Assets.xcassets */ = {isa = PBXFileReference; lastKnownFileType = folder.assetcatalog; path = Assets.xcassets; sourceTree = "<group>"; };
		767354852B31F99C0073BB9A /* Base */ = {isa = PBXFileReference; lastKnownFileType = file.storyboard; name = Base; path = Base.lproj/LaunchScreen.storyboard; sourceTree = "<group>"; };
		767354872B31F99C0073BB9A /* Info.plist */ = {isa = PBXFileReference; lastKnownFileType = text.plist.xml; path = Info.plist; sourceTree = "<group>"; };
		7673548D2B3203590073BB9A /* NewsModel.swift */ = {isa = PBXFileReference; lastKnownFileType = sourcecode.swift; path = NewsModel.swift; sourceTree = "<group>"; };
		7673548F2B321A500073BB9A /* HomeTableViewCell.swift */ = {isa = PBXFileReference; lastKnownFileType = sourcecode.swift; path = HomeTableViewCell.swift; sourceTree = "<group>"; };
		767354912B3269500073BB9A /* SectionHeaderView.swift */ = {isa = PBXFileReference; lastKnownFileType = sourcecode.swift; path = SectionHeaderView.swift; sourceTree = "<group>"; };
		767354982B334DC70073BB9A /* TopStoriesTableViewCell.swift */ = {isa = PBXFileReference; lastKnownFileType = sourcecode.swift; path = TopStoriesTableViewCell.swift; sourceTree = "<group>"; };
		7673549B2B334FA70073BB9A /* UIColor+Extension.swift */ = {isa = PBXFileReference; lastKnownFileType = sourcecode.swift; path = "UIColor+Extension.swift"; sourceTree = "<group>"; };
		7673549D2B334FCE0073BB9A /* UIView+Extension.swift */ = {isa = PBXFileReference; lastKnownFileType = sourcecode.swift; path = "UIView+Extension.swift"; sourceTree = "<group>"; };
		767354A12B336AA50073BB9A /* TopStoriesCollectionViewLayout.swift */ = {isa = PBXFileReference; lastKnownFileType = sourcecode.swift; path = TopStoriesCollectionViewLayout.swift; sourceTree = "<group>"; };
		767354A62B336C640073BB9A /* TopStoriesCollectionViewCell.swift */ = {isa = PBXFileReference; lastKnownFileType = sourcecode.swift; path = TopStoriesCollectionViewCell.swift; sourceTree = "<group>"; };
/* End PBXFileReference section */

/* Begin PBXFrameworksBuildPhase section */
		767354732B31F99B0073BB9A /* Frameworks */ = {
			isa = PBXFrameworksBuildPhase;
			buildActionMask = 2147483647;
			files = (
			);
			runOnlyForDeploymentPostprocessing = 0;
		};
/* End PBXFrameworksBuildPhase section */

/* Begin PBXGroup section */
		7673546D2B31F99B0073BB9A = {
			isa = PBXGroup;
			children = (
				767354782B31F99B0073BB9A /* NewsApplication */,
				767354772B31F99B0073BB9A /* Products */,
			);
			sourceTree = "<group>";
		};
		767354772B31F99B0073BB9A /* Products */ = {
			isa = PBXGroup;
			children = (
				767354762B31F99B0073BB9A /* NewsApplication.app */,
			);
			name = Products;
			sourceTree = "<group>";
		};
		767354782B31F99B0073BB9A /* NewsApplication */ = {
			isa = PBXGroup;
			children = (
				767354A02B336A980073BB9A /* Layouts */,
				7673549F2B336A490073BB9A /* View Controllers */,
				7673549A2B334F9B0073BB9A /* Extensions */,
				767354952B3347FE0073BB9A /* Views */,
				767354792B31F99B0073BB9A /* AppDelegate.swift */,
				7673547B2B31F99B0073BB9A /* SceneDelegate.swift */,
				767354822B31F99C0073BB9A /* Assets.xcassets */,
				767354842B31F99C0073BB9A /* LaunchScreen.storyboard */,
				767354872B31F99C0073BB9A /* Info.plist */,
				7673548D2B3203590073BB9A /* NewsModel.swift */,
			);
			path = NewsApplication;
			sourceTree = "<group>";
		};
		767354952B3347FE0073BB9A /* Views */ = {
			isa = PBXGroup;
			children = (
				767354972B334DB70073BB9A /* Cells */,
				767354962B3348040073BB9A /* Header Views */,
			);
			path = Views;
			sourceTree = "<group>";
		};
		767354962B3348040073BB9A /* Header Views */ = {
			isa = PBXGroup;
			children = (
				767354912B3269500073BB9A /* SectionHeaderView.swift */,
			);
			path = "Header Views";
			sourceTree = "<group>";
		};
		767354972B334DB70073BB9A /* Cells */ = {
			isa = PBXGroup;
			children = (
				7673548F2B321A500073BB9A /* HomeTableViewCell.swift */,
				767354982B334DC70073BB9A /* TopStoriesTableViewCell.swift */,
				767354A62B336C640073BB9A /* TopStoriesCollectionViewCell.swift */,
			);
			path = Cells;
			sourceTree = "<group>";
		};
		7673549A2B334F9B0073BB9A /* Extensions */ = {
			isa = PBXGroup;
			children = (
				7673549B2B334FA70073BB9A /* UIColor+Extension.swift */,
				7673549D2B334FCE0073BB9A /* UIView+Extension.swift */,
			);
			path = Extensions;
			sourceTree = "<group>";
		};
		7673549F2B336A490073BB9A /* View Controllers */ = {
			isa = PBXGroup;
			children = (
				7673547D2B31F99B0073BB9A /* HomeViewController.swift */,
			);
			path = "View Controllers";
			sourceTree = "<group>";
		};
		767354A02B336A980073BB9A /* Layouts */ = {
			isa = PBXGroup;
			children = (
				767354A12B336AA50073BB9A /* TopStoriesCollectionViewLayout.swift */,
			);
			path = Layouts;
			sourceTree = "<group>";
		};
/* End PBXGroup section */

/* Begin PBXNativeTarget section */
		767354752B31F99B0073BB9A /* NewsApplication */ = {
			isa = PBXNativeTarget;
			buildConfigurationList = 7673548A2B31F99C0073BB9A /* Build configuration list for PBXNativeTarget "NewsApplication" */;
			buildPhases = (
				767354722B31F99B0073BB9A /* Sources */,
				767354732B31F99B0073BB9A /* Frameworks */,
				767354742B31F99B0073BB9A /* Resources */,
			);
			buildRules = (
			);
			dependencies = (
			);
			name = NewsApplication;
			productName = NewsApplication;
			productReference = 767354762B31F99B0073BB9A /* NewsApplication.app */;
			productType = "com.apple.product-type.application";
		};
/* End PBXNativeTarget section */

/* Begin PBXProject section */
		7673546E2B31F99B0073BB9A /* Project object */ = {
			isa = PBXProject;
			attributes = {
				BuildIndependentTargetsInParallel = 1;
				LastSwiftUpdateCheck = 1500;
				LastUpgradeCheck = 1500;
				TargetAttributes = {
					767354752B31F99B0073BB9A = {
						CreatedOnToolsVersion = 15.0;
					};
				};
			};
			buildConfigurationList = 767354712B31F99B0073BB9A /* Build configuration list for PBXProject "NewsApplication" */;
			compatibilityVersion = "Xcode 14.0";
			developmentRegion = en;
			hasScannedForEncodings = 0;
			knownRegions = (
				en,
				Base,
			);
			mainGroup = 7673546D2B31F99B0073BB9A;
			productRefGroup = 767354772B31F99B0073BB9A /* Products */;
			projectDirPath = "";
			projectRoot = "";
			targets = (
				767354752B31F99B0073BB9A /* NewsApplication */,
			);
		};
/* End PBXProject section */

/* Begin PBXResourcesBuildPhase section */
		767354742B31F99B0073BB9A /* Resources */ = {
			isa = PBXResourcesBuildPhase;
			buildActionMask = 2147483647;
			files = (
				767354862B31F99C0073BB9A /* LaunchScreen.storyboard in Resources */,
				767354832B31F99C0073BB9A /* Assets.xcassets in Resources */,
			);
			runOnlyForDeploymentPostprocessing = 0;
		};
/* End PBXResourcesBuildPhase section */

/* Begin PBXSourcesBuildPhase section */
		767354722B31F99B0073BB9A /* Sources */ = {
			isa = PBXSourcesBuildPhase;
			buildActionMask = 2147483647;
			files = (
				767354A72B336C640073BB9A /* TopStoriesCollectionViewCell.swift in Sources */,
				767354A22B336AA50073BB9A /* TopStoriesCollectionViewLayout.swift in Sources */,
				7673548E2B3203590073BB9A /* NewsModel.swift in Sources */,
				767354902B321A500073BB9A /* HomeTableViewCell.swift in Sources */,
				7673547E2B31F99B0073BB9A /* HomeViewController.swift in Sources */,
				7673549E2B334FCE0073BB9A /* UIView+Extension.swift in Sources */,
				7673547A2B31F99B0073BB9A /* AppDelegate.swift in Sources */,
				767354922B3269500073BB9A /* SectionHeaderView.swift in Sources */,
				7673547C2B31F99B0073BB9A /* SceneDelegate.swift in Sources */,
				767354992B334DC70073BB9A /* TopStoriesTableViewCell.swift in Sources */,
				7673549C2B334FA70073BB9A /* UIColor+Extension.swift in Sources */,
			);
			runOnlyForDeploymentPostprocessing = 0;
		};
/* End PBXSourcesBuildPhase section */

/* Begin PBXVariantGroup section */
		767354842B31F99C0073BB9A /* LaunchScreen.storyboard */ = {
			isa = PBXVariantGroup;
			children = (
				767354852B31F99C0073BB9A /* Base */,
			);
			name = LaunchScreen.storyboard;
			sourceTree = "<group>";
		};
/* End PBXVariantGroup section */

/* Begin XCBuildConfiguration section */
		767354882B31F99C0073BB9A /* Debug */ = {
			isa = XCBuildConfiguration;
			buildSettings = {
				ALWAYS_SEARCH_USER_PATHS = NO;
				ASSETCATALOG_COMPILER_GENERATE_SWIFT_ASSET_SYMBOL_EXTENSIONS = YES;
				CLANG_ANALYZER_NONNULL = YES;
				CLANG_ANALYZER_NUMBER_OBJECT_CONVERSION = YES_AGGRESSIVE;
				CLANG_CXX_LANGUAGE_STANDARD = "gnu++20";
				CLANG_ENABLE_MODULES = YES;
				CLANG_ENABLE_OBJC_ARC = YES;
				CLANG_ENABLE_OBJC_WEAK = YES;
				CLANG_WARN_BLOCK_CAPTURE_AUTORELEASING = YES;
				CLANG_WARN_BOOL_CONVERSION = YES;
				CLANG_WARN_COMMA = YES;
				CLANG_WARN_CONSTANT_CONVERSION = YES;
				CLANG_WARN_DEPRECATED_OBJC_IMPLEMENTATIONS = YES;
				CLANG_WARN_DIRECT_OBJC_ISA_USAGE = YES_ERROR;
				CLANG_WARN_DOCUMENTATION_COMMENTS = YES;
				CLANG_WARN_EMPTY_BODY = YES;
				CLANG_WARN_ENUM_CONVERSION = YES;
				CLANG_WARN_INFINITE_RECURSION = YES;
				CLANG_WARN_INT_CONVERSION = YES;
				CLANG_WARN_NON_LITERAL_NULL_CONVERSION = YES;
				CLANG_WARN_OBJC_IMPLICIT_RETAIN_SELF = YES;
				CLANG_WARN_OBJC_LITERAL_CONVERSION = YES;
				CLANG_WARN_OBJC_ROOT_CLASS = YES_ERROR;
				CLANG_WARN_QUOTED_INCLUDE_IN_FRAMEWORK_HEADER = YES;
				CLANG_WARN_RANGE_LOOP_ANALYSIS = YES;
				CLANG_WARN_STRICT_PROTOTYPES = YES;
				CLANG_WARN_SUSPICIOUS_MOVE = YES;
				CLANG_WARN_UNGUARDED_AVAILABILITY = YES_AGGRESSIVE;
				CLANG_WARN_UNREACHABLE_CODE = YES;
				CLANG_WARN__DUPLICATE_METHOD_MATCH = YES;
				COPY_PHASE_STRIP = NO;
				DEBUG_INFORMATION_FORMAT = dwarf;
				ENABLE_STRICT_OBJC_MSGSEND = YES;
				ENABLE_TESTABILITY = YES;
				ENABLE_USER_SCRIPT_SANDBOXING = YES;
				GCC_C_LANGUAGE_STANDARD = gnu17;
				GCC_DYNAMIC_NO_PIC = NO;
				GCC_NO_COMMON_BLOCKS = YES;
				GCC_OPTIMIZATION_LEVEL = 0;
				GCC_PREPROCESSOR_DEFINITIONS = (
					"DEBUG=1",
					"$(inherited)",
				);
				GCC_WARN_64_TO_32_BIT_CONVERSION = YES;
				GCC_WARN_ABOUT_RETURN_TYPE = YES_ERROR;
				GCC_WARN_UNDECLARED_SELECTOR = YES;
				GCC_WARN_UNINITIALIZED_AUTOS = YES_AGGRESSIVE;
				GCC_WARN_UNUSED_FUNCTION = YES;
				GCC_WARN_UNUSED_VARIABLE = YES;
				IPHONEOS_DEPLOYMENT_TARGET = 17.0;
				LOCALIZATION_PREFERS_STRING_CATALOGS = YES;
				MTL_ENABLE_DEBUG_INFO = INCLUDE_SOURCE;
				MTL_FAST_MATH = YES;
				ONLY_ACTIVE_ARCH = YES;
				SDKROOT = iphoneos;
				SWIFT_ACTIVE_COMPILATION_CONDITIONS = "DEBUG $(inherited)";
				SWIFT_OPTIMIZATION_LEVEL = "-Onone";
			};
			name = Debug;
		};
		767354892B31F99C0073BB9A /* Release */ = {
			isa = XCBuildConfiguration;
			buildSettings = {
				ALWAYS_SEARCH_USER_PATHS = NO;
				ASSETCATALOG_COMPILER_GENERATE_SWIFT_ASSET_SYMBOL_EXTENSIONS = YES;
				CLANG_ANALYZER_NONNULL = YES;
				CLANG_ANALYZER_NUMBER_OBJECT_CONVERSION = YES_AGGRESSIVE;
				CLANG_CXX_LANGUAGE_STANDARD = "gnu++20";
				CLANG_ENABLE_MODULES = YES;
				CLANG_ENABLE_OBJC_ARC = YES;
				CLANG_ENABLE_OBJC_WEAK = YES;
				CLANG_WARN_BLOCK_CAPTURE_AUTORELEASING = YES;
				CLANG_WARN_BOOL_CONVERSION = YES;
				CLANG_WARN_COMMA = YES;
				CLANG_WARN_CONSTANT_CONVERSION = YES;
				CLANG_WARN_DEPRECATED_OBJC_IMPLEMENTATIONS = YES;
				CLANG_WARN_DIRECT_OBJC_ISA_USAGE = YES_ERROR;
				CLANG_WARN_DOCUMENTATION_COMMENTS = YES;
				CLANG_WARN_EMPTY_BODY = YES;
				CLANG_WARN_ENUM_CONVERSION = YES;
				CLANG_WARN_INFINITE_RECURSION = YES;
				CLANG_WARN_INT_CONVERSION = YES;
				CLANG_WARN_NON_LITERAL_NULL_CONVERSION = YES;
				CLANG_WARN_OBJC_IMPLICIT_RETAIN_SELF = YES;
				CLANG_WARN_OBJC_LITERAL_CONVERSION = YES;
				CLANG_WARN_OBJC_ROOT_CLASS = YES_ERROR;
				CLANG_WARN_QUOTED_INCLUDE_IN_FRAMEWORK_HEADER = YES;
				CLANG_WARN_RANGE_LOOP_ANALYSIS = YES;
				CLANG_WARN_STRICT_PROTOTYPES = YES;
				CLANG_WARN_SUSPICIOUS_MOVE = YES;
				CLANG_WARN_UNGUARDED_AVAILABILITY = YES_AGGRESSIVE;
				CLANG_WARN_UNREACHABLE_CODE = YES;
				CLANG_WARN__DUPLICATE_METHOD_MATCH = YES;
				COPY_PHASE_STRIP = NO;
				DEBUG_INFORMATION_FORMAT = "dwarf-with-dsym";
				ENABLE_NS_ASSERTIONS = NO;
				ENABLE_STRICT_OBJC_MSGSEND = YES;
				ENABLE_USER_SCRIPT_SANDBOXING = YES;
				GCC_C_LANGUAGE_STANDARD = gnu17;
				GCC_NO_COMMON_BLOCKS = YES;
				GCC_WARN_64_TO_32_BIT_CONVERSION = YES;
				GCC_WARN_ABOUT_RETURN_TYPE = YES_ERROR;
				GCC_WARN_UNDECLARED_SELECTOR = YES;
				GCC_WARN_UNINITIALIZED_AUTOS = YES_AGGRESSIVE;
				GCC_WARN_UNUSED_FUNCTION = YES;
				GCC_WARN_UNUSED_VARIABLE = YES;
				IPHONEOS_DEPLOYMENT_TARGET = 17.0;
				LOCALIZATION_PREFERS_STRING_CATALOGS = YES;
				MTL_ENABLE_DEBUG_INFO = NO;
				MTL_FAST_MATH = YES;
				SDKROOT = iphoneos;
				SWIFT_COMPILATION_MODE = wholemodule;
				VALIDATE_PRODUCT = YES;
			};
			name = Release;
		};
		7673548B2B31F99C0073BB9A /* Debug */ = {
			isa = XCBuildConfiguration;
			buildSettings = {
				ASSETCATALOG_COMPILER_APPICON_NAME = AppIcon;
				ASSETCATALOG_COMPILER_GLOBAL_ACCENT_COLOR_NAME = AccentColor;
				CODE_SIGN_STYLE = Automatic;
				CURRENT_PROJECT_VERSION = 1;
				DEVELOPMENT_TEAM = R4WEEFNVWZ;
				GENERATE_INFOPLIST_FILE = YES;
				INFOPLIST_FILE = NewsApplication/Info.plist;
				INFOPLIST_KEY_UIApplicationSupportsIndirectInputEvents = YES;
				INFOPLIST_KEY_UILaunchStoryboardName = LaunchScreen;
				INFOPLIST_KEY_UISupportedInterfaceOrientations_iPad = "UIInterfaceOrientationPortrait UIInterfaceOrientationPortraitUpsideDown UIInterfaceOrientationLandscapeLeft UIInterfaceOrientationLandscapeRight";
				INFOPLIST_KEY_UISupportedInterfaceOrientations_iPhone = "UIInterfaceOrientationPortrait UIInterfaceOrientationLandscapeLeft UIInterfaceOrientationLandscapeRight";
				LD_RUNPATH_SEARCH_PATHS = (
					"$(inherited)",
					"@executable_path/Frameworks",
				);
				MARKETING_VERSION = 1.0;
				PRODUCT_BUNDLE_IDENTIFIER = com.NewsApplication;
				PRODUCT_NAME = "$(TARGET_NAME)";
				SWIFT_EMIT_LOC_STRINGS = YES;
				SWIFT_VERSION = 5.0;
				TARGETED_DEVICE_FAMILY = "1,2";
			};
			name = Debug;
		};
		7673548C2B31F99C0073BB9A /* Release */ = {
			isa = XCBuildConfiguration;
			buildSettings = {
				ASSETCATALOG_COMPILER_APPICON_NAME = AppIcon;
				ASSETCATALOG_COMPILER_GLOBAL_ACCENT_COLOR_NAME = AccentColor;
				CODE_SIGN_STYLE = Automatic;
				CURRENT_PROJECT_VERSION = 1;
				DEVELOPMENT_TEAM = R4WEEFNVWZ;
				GENERATE_INFOPLIST_FILE = YES;
				INFOPLIST_FILE = NewsApplication/Info.plist;
				INFOPLIST_KEY_UIApplicationSupportsIndirectInputEvents = YES;
				INFOPLIST_KEY_UILaunchStoryboardName = LaunchScreen;
				INFOPLIST_KEY_UISupportedInterfaceOrientations_iPad = "UIInterfaceOrientationPortrait UIInterfaceOrientationPortraitUpsideDown UIInterfaceOrientationLandscapeLeft UIInterfaceOrientationLandscapeRight";
				INFOPLIST_KEY_UISupportedInterfaceOrientations_iPhone = "UIInterfaceOrientationPortrait UIInterfaceOrientationLandscapeLeft UIInterfaceOrientationLandscapeRight";
				LD_RUNPATH_SEARCH_PATHS = (
					"$(inherited)",
					"@executable_path/Frameworks",
				);
				MARKETING_VERSION = 1.0;
				PRODUCT_BUNDLE_IDENTIFIER = com.NewsApplication;
				PRODUCT_NAME = "$(TARGET_NAME)";
				SWIFT_EMIT_LOC_STRINGS = YES;
				SWIFT_VERSION = 5.0;
				TARGETED_DEVICE_FAMILY = "1,2";
			};
			name = Release;
		};
/* End XCBuildConfiguration section */

/* Begin XCConfigurationList section */
		767354712B31F99B0073BB9A /* Build configuration list for PBXProject "NewsApplication" */ = {
			isa = XCConfigurationList;
			buildConfigurations = (
				767354882B31F99C0073BB9A /* Debug */,
				767354892B31F99C0073BB9A /* Release */,
			);
			defaultConfigurationIsVisible = 0;
			defaultConfigurationName = Release;
		};
		7673548A2B31F99C0073BB9A /* Build configuration list for PBXNativeTarget "NewsApplication" */ = {
			isa = XCConfigurationList;
			buildConfigurations = (
				7673548B2B31F99C0073BB9A /* Debug */,
				7673548C2B31F99C0073BB9A /* Release */,
			);
			defaultConfigurationIsVisible = 0;
			defaultConfigurationName = Release;
		};
/* End XCConfigurationList section */
	};
	rootObject = 7673546E2B31F99B0073BB9A /* Project object */;
}
